
Microsoft Visual Studio Solution File, Format Version 12.00
# Visual Studio Version 17
VisualStudioVersion = 17.2.32519.379
MinimumVisualStudioVersion = 10.0.40219.1
Project("{FAE04EC0-301F-11D3-BF4B-00C04F79EFBC}") = "ConsoleApp1", "ConsoleApp1\ConsoleApp1.csproj", "{DC48E92A-5341-4525-AB35-6EFE5448BD82}"
EndProject
Global
	GlobalSection(SolutionConfigurationPlatforms) = preSolution
		Debug|Any CPU = Debug|Any CPU
		Release|Any CPU = Release|Any CPU
	EndGlobalSection
	GlobalSection(ProjectConfigurationPlatforms) = postSolution
		{DC48E92A-5341-4525-AB35-6EFE5448BD82}.Debug|Any CPU.ActiveCfg = Debug|Any CPU
		{DC48E92A-5341-4525-AB35-6EFE5448BD82}.Debug|Any CPU.Build.0 = Debug|Any CPU
		{DC48E92A-5341-4525-AB35-6EFE5448BD82}.Release|Any CPU.ActiveCfg = Release|Any CPU
		{DC48E92A-5341-4525-AB35-6EFE5448BD82}.Release|Any CPU.Build.0 = Release|Any CPU
	EndGlobalSection
	GlobalSection(SolutionProperties) = preSolution
		HideSolutionNode = FALSE
	EndGlobalSection
	GlobalSection(ExtensibilityGlobals) = postSolution
		SolutionGuid = {6219D752-55AD-4F00-A8B9-85AC028B8F28}
	EndGlobalSection
EndGlobal
